
Microsoft Visual Studio Solution File, Format Version 12.00
# Visual Studio Version 17
VisualStudioVersion = 17.10.35004.147
MinimumVisualStudioVersion = 10.0.40219.1
Project("{FAE04EC0-301F-11D3-BF4B-00C04F79EFBC}") = "TaskManagement.Web", "TaskManagement\TaskManagement.Web.csproj", "{79F4E2E8-EC57-480B-BB9C-5FCE5BF3F17E}"
EndProject
Project("{FAE04EC0-301F-11D3-BF4B-00C04F79EFBC}") = "TaskManagement.Core", "TaskManagement.Core\TaskManagement.Core.csproj", "{F673083C-63E8-4B4B-8075-F34C033068ED}"
EndProject
Project("{FAE04EC0-301F-11D3-BF4B-00C04F79EFBC}") = "TaskManagement.EF", "TaskManagement.EF\TaskManagement.EF.csproj", "{C9EBD60A-C74F-4867-87E7-0B402931F127}"
EndProject
Global
	GlobalSection(SolutionConfigurationPlatforms) = preSolution
		Debug|Any CPU = Debug|Any CPU
		Release|Any CPU = Release|Any CPU
	EndGlobalSection
	GlobalSection(ProjectConfigurationPlatforms) = postSolution
		{79F4E2E8-EC57-480B-BB9C-5FCE5BF3F17E}.Debug|Any CPU.ActiveCfg = Debug|Any CPU
		{79F4E2E8-EC57-480B-BB9C-5FCE5BF3F17E}.Debug|Any CPU.Build.0 = Debug|Any CPU
		{79F4E2E8-EC57-480B-BB9C-5FCE5BF3F17E}.Release|Any CPU.ActiveCfg = Release|Any CPU
		{79F4E2E8-EC57-480B-BB9C-5FCE5BF3F17E}.Release|Any CPU.Build.0 = Release|Any CPU
		{F673083C-63E8-4B4B-8075-F34C033068ED}.Debug|Any CPU.ActiveCfg = Debug|Any CPU
		{F673083C-63E8-4B4B-8075-F34C033068ED}.Debug|Any CPU.Build.0 = Debug|Any CPU
		{F673083C-63E8-4B4B-8075-F34C033068ED}.Release|Any CPU.ActiveCfg = Release|Any CPU
		{F673083C-63E8-4B4B-8075-F34C033068ED}.Release|Any CPU.Build.0 = Release|Any CPU
		{C9EBD60A-C74F-4867-87E7-0B402931F127}.Debug|Any CPU.ActiveCfg = Debug|Any CPU
		{C9EBD60A-C74F-4867-87E7-0B402931F127}.Debug|Any CPU.Build.0 = Debug|Any CPU
		{C9EBD60A-C74F-4867-87E7-0B402931F127}.Release|Any CPU.ActiveCfg = Release|Any CPU
		{C9EBD60A-C74F-4867-87E7-0B402931F127}.Release|Any CPU.Build.0 = Release|Any CPU
	EndGlobalSection
	GlobalSection(SolutionProperties) = preSolution
		HideSolutionNode = FALSE
	EndGlobalSection
	GlobalSection(ExtensibilityGlobals) = postSolution
		SolutionGuid = {AB90599B-E12F-4A56-B8EF-6823E22ED846}
	EndGlobalSection
EndGlobal
